
Microsoft Visual Studio Solution File, Format Version 12.00
# Visual Studio 15
VisualStudioVersion = 15.0.27428.2037
MinimumVisualStudioVersion = 10.0.40219.1
Project("{FAE04EC0-301F-11D3-BF4B-00C04F79EFBC}") = "DemoWebnet", "test20180729\DemoWebnet.csproj", "{95D64DF8-ABCD-4BA9-BFC5-40B7BCAD121F}"
EndProject
Project("{FAE04EC0-301F-11D3-BF4B-00C04F79EFBC}") = "Demo.Dal", "Demo.Dal\Demo.Dal.csproj", "{D749BC63-6ACB-49C0-880F-FC0DA98A3357}"
EndProject
Project("{FAE04EC0-301F-11D3-BF4B-00C04F79EFBC}") = "Model", "Model\Model.csproj", "{528DD72B-7BD0-4F11-967B-5B491005EEBF}"
EndProject
Global
	GlobalSection(SolutionConfigurationPlatforms) = preSolution
		Debug|Any CPU = Debug|Any CPU
		Release|Any CPU = Release|Any CPU
	EndGlobalSection
	GlobalSection(ProjectConfigurationPlatforms) = postSolution
		{95D64DF8-ABCD-4BA9-BFC5-40B7BCAD121F}.Debug|Any CPU.ActiveCfg = Debug|Any CPU
		{95D64DF8-ABCD-4BA9-BFC5-40B7BCAD121F}.Debug|Any CPU.Build.0 = Debug|Any CPU
		{95D64DF8-ABCD-4BA9-BFC5-40B7BCAD121F}.Release|Any CPU.ActiveCfg = Release|Any CPU
		{95D64DF8-ABCD-4BA9-BFC5-40B7BCAD121F}.Release|Any CPU.Build.0 = Release|Any CPU
		{D749BC63-6ACB-49C0-880F-FC0DA98A3357}.Debug|Any CPU.ActiveCfg = Debug|Any CPU
		{D749BC63-6ACB-49C0-880F-FC0DA98A3357}.Debug|Any CPU.Build.0 = Debug|Any CPU
		{D749BC63-6ACB-49C0-880F-FC0DA98A3357}.Release|Any CPU.ActiveCfg = Release|Any CPU
		{D749BC63-6ACB-49C0-880F-FC0DA98A3357}.Release|Any CPU.Build.0 = Release|Any CPU
		{528DD72B-7BD0-4F11-967B-5B491005EEBF}.Debug|Any CPU.ActiveCfg = Debug|Any CPU
		{528DD72B-7BD0-4F11-967B-5B491005EEBF}.Debug|Any CPU.Build.0 = Debug|Any CPU
		{528DD72B-7BD0-4F11-967B-5B491005EEBF}.Release|Any CPU.ActiveCfg = Release|Any CPU
		{528DD72B-7BD0-4F11-967B-5B491005EEBF}.Release|Any CPU.Build.0 = Release|Any CPU
	EndGlobalSection
	GlobalSection(SolutionProperties) = preSolution
		HideSolutionNode = FALSE
	EndGlobalSection
	GlobalSection(ExtensibilityGlobals) = postSolution
		SolutionGuid = {964BC222-2DF3-49CA-BCB9-A538CEF9D25F}
	EndGlobalSection
EndGlobal
